
Microsoft Visual Studio Solution File, Format Version 12.00
# Visual Studio 2013
VisualStudioVersion = 12.0.31101.0
MinimumVisualStudioVersion = 10.0.40219.1
Project("{FAE04EC0-301F-11D3-BF4B-00C04F79EFBC}") = "Upchurch.Ingress", "Upchurch.Ingress\Upchurch.Ingress.csproj", "{9B68B5B5-AD25-4FD3-A77E-BB47B6C83504}"
EndProject
Project("{FAE04EC0-301F-11D3-BF4B-00C04F79EFBC}") = "Upchurch.Ingress.Tests", "Upchurch.Ingress.Tests\Upchurch.Ingress.Tests.csproj", "{185A4436-853D-4295-B8E4-E0D4A68EAC2C}"
EndProject
Project("{2150E333-8FDC-42A3-9474-1A3956D46DE8}") = "PublishScripts", "PublishScripts", "{3AAA59C8-66FA-4C18-8A6D-FD44B1332374}"
	ProjectSection(SolutionItems) = preProject
		PublishScripts\AzureWebsitePublishModule.psm1 = PublishScripts\AzureWebsitePublishModule.psm1
		PublishScripts\Publish-WebApplicationWebsite.ps1 = PublishScripts\Publish-WebApplicationWebsite.ps1
	EndProjectSection
EndProject
Project("{2150E333-8FDC-42A3-9474-1A3956D46DE8}") = "Configurations", "Configurations", "{22B64110-4660-43D4-9345-E5886FDB9BA1}"
	ProjectSection(SolutionItems) = preProject
		PublishScripts\Configurations\UpchurchIngress-WAWS-dev.json = PublishScripts\Configurations\UpchurchIngress-WAWS-dev.json
	EndProjectSection
EndProject
Project("{FAE04EC0-301F-11D3-BF4B-00C04F79EFBC}") = "Upchurch.Ingress.Domain", "Upchurch.Ingress.Domain\Upchurch.Ingress.Domain.csproj", "{4FBDE2B2-A47D-4E67-AC04-262F15A61B55}"
EndProject
Project("{FAE04EC0-301F-11D3-BF4B-00C04F79EFBC}") = "Upchurch.Ingress.Infrastructure", "Upchurch.Ingress.Infrastructure\Upchurch.Ingress.Infrastructure.csproj", "{C9499A76-C059-49C6-8963-EBF164635B79}"
EndProject
Project("{2150E333-8FDC-42A3-9474-1A3956D46DE8}") = ".nuget", ".nuget", "{E9B08FCE-BB13-4BCE-97E1-49623C6192F6}"
	ProjectSection(SolutionItems) = preProject
		.nuget\NuGet.Config = .nuget\NuGet.Config
		.nuget\NuGet.exe = .nuget\NuGet.exe
		.nuget\NuGet.targets = .nuget\NuGet.targets
	EndProjectSection
EndProject
Global
	GlobalSection(SolutionConfigurationPlatforms) = preSolution
		Debug|Any CPU = Debug|Any CPU
		Release|Any CPU = Release|Any CPU
	EndGlobalSection
	GlobalSection(ProjectConfigurationPlatforms) = postSolution
		{9B68B5B5-AD25-4FD3-A77E-BB47B6C83504}.Debug|Any CPU.ActiveCfg = Debug|Any CPU
		{9B68B5B5-AD25-4FD3-A77E-BB47B6C83504}.Debug|Any CPU.Build.0 = Debug|Any CPU
		{9B68B5B5-AD25-4FD3-A77E-BB47B6C83504}.Release|Any CPU.ActiveCfg = Release|Any CPU
		{9B68B5B5-AD25-4FD3-A77E-BB47B6C83504}.Release|Any CPU.Build.0 = Release|Any CPU
		{185A4436-853D-4295-B8E4-E0D4A68EAC2C}.Debug|Any CPU.ActiveCfg = Debug|Any CPU
		{185A4436-853D-4295-B8E4-E0D4A68EAC2C}.Debug|Any CPU.Build.0 = Debug|Any CPU
		{185A4436-853D-4295-B8E4-E0D4A68EAC2C}.Release|Any CPU.ActiveCfg = Release|Any CPU
		{185A4436-853D-4295-B8E4-E0D4A68EAC2C}.Release|Any CPU.Build.0 = Release|Any CPU
		{4FBDE2B2-A47D-4E67-AC04-262F15A61B55}.Debug|Any CPU.ActiveCfg = Debug|Any CPU
		{4FBDE2B2-A47D-4E67-AC04-262F15A61B55}.Debug|Any CPU.Build.0 = Debug|Any CPU
		{4FBDE2B2-A47D-4E67-AC04-262F15A61B55}.Release|Any CPU.ActiveCfg = Release|Any CPU
		{4FBDE2B2-A47D-4E67-AC04-262F15A61B55}.Release|Any CPU.Build.0 = Release|Any CPU
		{C9499A76-C059-49C6-8963-EBF164635B79}.Debug|Any CPU.ActiveCfg = Debug|Any CPU
		{C9499A76-C059-49C6-8963-EBF164635B79}.Debug|Any CPU.Build.0 = Debug|Any CPU
		{C9499A76-C059-49C6-8963-EBF164635B79}.Release|Any CPU.ActiveCfg = Release|Any CPU
		{C9499A76-C059-49C6-8963-EBF164635B79}.Release|Any CPU.Build.0 = Release|Any CPU
	EndGlobalSection
	GlobalSection(SolutionProperties) = preSolution
		HideSolutionNode = FALSE
	EndGlobalSection
	GlobalSection(NestedProjects) = preSolution
		{22B64110-4660-43D4-9345-E5886FDB9BA1} = {3AAA59C8-66FA-4C18-8A6D-FD44B1332374}
	EndGlobalSection
EndGlobal
